
Microsoft Visual Studio Solution File, Format Version 11.00
# Visual Studio 2010
Project("{E24C65DC-7377-472B-9ABA-BC803B73C61A}") = "Web", "Sistema\Web", "{12163A3A-4947-418F-84F7-2A35EB600152}"
	ProjectSection(WebsiteProperties) = preProject
		TargetFrameworkMoniker = ".NETFramework,Version%3Dv4.0"
		ProjectReferences = "{DA4A77A7-9BF5-4530-87DB-C473C743FE8F}|Instrumentacion.dll;{533A5D9B-1272-4158-B207-BED32AE208AF}|RN.dll;{010D6F5B-86A8-4F4B-8F06-189D4D5B8C49}|CAD.dll;{6FFC625C-7EE4-4010-B5C2-50908DA2C3E7}|Comunicacion.dll;{AA19543A-29EB-45C6-8099-36B2F83393E5}|Configuration.dll;{8651FCB2-D9E7-48D3-8014-E1ED3D2EFD79}|SystemConfig.dll;"
		Debug.AspNetCompiler.VirtualPath = "/Web"
		Debug.AspNetCompiler.PhysicalPath = "Sistema\Web\"
		Debug.AspNetCompiler.TargetPath = "PrecompiledWeb\Web\"
		Debug.AspNetCompiler.Updateable = "true"
		Debug.AspNetCompiler.ForceOverwrite = "true"
		Debug.AspNetCompiler.FixedNames = "false"
		Debug.AspNetCompiler.Debug = "True"
		Release.AspNetCompiler.VirtualPath = "/Web"
		Release.AspNetCompiler.PhysicalPath = "Sistema\Web\"
		Release.AspNetCompiler.TargetPath = "PrecompiledWeb\Web\"
		Release.AspNetCompiler.Updateable = "true"
		Release.AspNetCompiler.ForceOverwrite = "true"
		Release.AspNetCompiler.FixedNames = "false"
		Release.AspNetCompiler.Debug = "False"
		VWDPort = "49250"
	EndProjectSection
EndProject
Project("{FAE04EC0-301F-11D3-BF4B-00C04F79EFBC}") = "Instrumentacion", "Sistema\Instrumentacion\Instrumentacion.csproj", "{DA4A77A7-9BF5-4530-87DB-C473C743FE8F}"
EndProject
Project("{FAE04EC0-301F-11D3-BF4B-00C04F79EFBC}") = "Comunicacion", "Sistema\Comunicacion\Comunicacion.csproj", "{6FFC625C-7EE4-4010-B5C2-50908DA2C3E7}"
EndProject
Project("{2150E333-8FDC-42A3-9474-1A3956D46DE8}") = "Solution Items", "Solution Items", "{8D5A0EEA-7F53-462E-8A13-6EAE47B9404D}"
	ProjectSection(SolutionItems) = preProject
		Local.testsettings = Local.testsettings
		Sistema.vsmdi = Sistema.vsmdi
		TraceAndTestImpact.testsettings = TraceAndTestImpact.testsettings
	EndProjectSection
EndProject
Project("{FAE04EC0-301F-11D3-BF4B-00C04F79EFBC}") = "Configuration", "Sistema\Configuration\Configuration.csproj", "{AA19543A-29EB-45C6-8099-36B2F83393E5}"
EndProject
Project("{FAE04EC0-301F-11D3-BF4B-00C04F79EFBC}") = "SystemConfig", "Sistema\SystemConfig\SystemConfig.csproj", "{8651FCB2-D9E7-48D3-8014-E1ED3D2EFD79}"
EndProject
Project("{FAE04EC0-301F-11D3-BF4B-00C04F79EFBC}") = "CAD", "Sistema\CAD\CAD.csproj", "{010D6F5B-86A8-4F4B-8F06-189D4D5B8C49}"
EndProject
Project("{FAE04EC0-301F-11D3-BF4B-00C04F79EFBC}") = "RN", "Sistema\RN\RN.csproj", "{533A5D9B-1272-4158-B207-BED32AE208AF}"
EndProject
Project("{FAE04EC0-301F-11D3-BF4B-00C04F79EFBC}") = "Procesos", "Sistema\Procesos\Procesos.csproj", "{81E4DC96-8F69-4B16-8F17-C5F6D3FF20C4}"
EndProject
Global
	GlobalSection(TestCaseManagementSettings) = postSolution
		CategoryFile = Sistema.vsmdi
	EndGlobalSection
	GlobalSection(SolutionConfigurationPlatforms) = preSolution
		Debug|Any CPU = Debug|Any CPU
		Release|Any CPU = Release|Any CPU
	EndGlobalSection
	GlobalSection(ProjectConfigurationPlatforms) = postSolution
		{12163A3A-4947-418F-84F7-2A35EB600152}.Debug|Any CPU.ActiveCfg = Debug|Any CPU
		{12163A3A-4947-418F-84F7-2A35EB600152}.Debug|Any CPU.Build.0 = Debug|Any CPU
		{12163A3A-4947-418F-84F7-2A35EB600152}.Release|Any CPU.ActiveCfg = Debug|Any CPU
		{12163A3A-4947-418F-84F7-2A35EB600152}.Release|Any CPU.Build.0 = Debug|Any CPU
		{DA4A77A7-9BF5-4530-87DB-C473C743FE8F}.Debug|Any CPU.ActiveCfg = Debug|Any CPU
		{DA4A77A7-9BF5-4530-87DB-C473C743FE8F}.Debug|Any CPU.Build.0 = Debug|Any CPU
		{DA4A77A7-9BF5-4530-87DB-C473C743FE8F}.Release|Any CPU.ActiveCfg = Release|Any CPU
		{DA4A77A7-9BF5-4530-87DB-C473C743FE8F}.Release|Any CPU.Build.0 = Release|Any CPU
		{6FFC625C-7EE4-4010-B5C2-50908DA2C3E7}.Debug|Any CPU.ActiveCfg = Debug|Any CPU
		{6FFC625C-7EE4-4010-B5C2-50908DA2C3E7}.Debug|Any CPU.Build.0 = Debug|Any CPU
		{6FFC625C-7EE4-4010-B5C2-50908DA2C3E7}.Release|Any CPU.ActiveCfg = Release|Any CPU
		{6FFC625C-7EE4-4010-B5C2-50908DA2C3E7}.Release|Any CPU.Build.0 = Release|Any CPU
		{AA19543A-29EB-45C6-8099-36B2F83393E5}.Debug|Any CPU.ActiveCfg = Debug|Any CPU
		{AA19543A-29EB-45C6-8099-36B2F83393E5}.Debug|Any CPU.Build.0 = Debug|Any CPU
		{AA19543A-29EB-45C6-8099-36B2F83393E5}.Release|Any CPU.ActiveCfg = Release|Any CPU
		{AA19543A-29EB-45C6-8099-36B2F83393E5}.Release|Any CPU.Build.0 = Release|Any CPU
		{8651FCB2-D9E7-48D3-8014-E1ED3D2EFD79}.Debug|Any CPU.ActiveCfg = Debug|Any CPU
		{8651FCB2-D9E7-48D3-8014-E1ED3D2EFD79}.Debug|Any CPU.Build.0 = Debug|Any CPU
		{8651FCB2-D9E7-48D3-8014-E1ED3D2EFD79}.Release|Any CPU.ActiveCfg = Release|Any CPU
		{8651FCB2-D9E7-48D3-8014-E1ED3D2EFD79}.Release|Any CPU.Build.0 = Release|Any CPU
		{010D6F5B-86A8-4F4B-8F06-189D4D5B8C49}.Debug|Any CPU.ActiveCfg = Debug|Any CPU
		{010D6F5B-86A8-4F4B-8F06-189D4D5B8C49}.Debug|Any CPU.Build.0 = Debug|Any CPU
		{010D6F5B-86A8-4F4B-8F06-189D4D5B8C49}.Release|Any CPU.ActiveCfg = Release|Any CPU
		{010D6F5B-86A8-4F4B-8F06-189D4D5B8C49}.Release|Any CPU.Build.0 = Release|Any CPU
		{533A5D9B-1272-4158-B207-BED32AE208AF}.Debug|Any CPU.ActiveCfg = Debug|Any CPU
		{533A5D9B-1272-4158-B207-BED32AE208AF}.Debug|Any CPU.Build.0 = Debug|Any CPU
		{533A5D9B-1272-4158-B207-BED32AE208AF}.Release|Any CPU.ActiveCfg = Release|Any CPU
		{533A5D9B-1272-4158-B207-BED32AE208AF}.Release|Any CPU.Build.0 = Release|Any CPU
		{81E4DC96-8F69-4B16-8F17-C5F6D3FF20C4}.Debug|Any CPU.ActiveCfg = Debug|Any CPU
		{81E4DC96-8F69-4B16-8F17-C5F6D3FF20C4}.Debug|Any CPU.Build.0 = Debug|Any CPU
		{81E4DC96-8F69-4B16-8F17-C5F6D3FF20C4}.Release|Any CPU.ActiveCfg = Release|Any CPU
		{81E4DC96-8F69-4B16-8F17-C5F6D3FF20C4}.Release|Any CPU.Build.0 = Release|Any CPU
	EndGlobalSection
	GlobalSection(SolutionProperties) = preSolution
		HideSolutionNode = FALSE
	EndGlobalSection
EndGlobal
